
Microsoft Visual Studio Solution File, Format Version 12.00
# Visual Studio 15
VisualStudioVersion = 15.0.27004.2008
MinimumVisualStudioVersion = 10.0.40219.1
Project("{FAE04EC0-301F-11D3-BF4B-00C04F79EFBC}") = "OxServer", "OxServer\OxServer.csproj", "{3B57AA87-113D-48FE-A74A-5593B4DC786C}"
EndProject
Project("{FAE04EC0-301F-11D3-BF4B-00C04F79EFBC}") = "OxApi", "OxApi\OxApi.csproj", "{F0817E19-E000-4D6E-BF4B-B286EA857AE5}"
EndProject
Project("{FAE04EC0-301F-11D3-BF4B-00C04F79EFBC}") = "OxClient", "OxClient\OxClient.csproj", "{2EDA7B9F-E1F4-4A42-8417-97C85959EE76}"
EndProject
Project("{FAE04EC0-301F-11D3-BF4B-00C04F79EFBC}") = "OxMVCClient", "OxMVCClient\OxMVCClient.csproj", "{95538741-9BCD-40F5-84BA-A8BE64310B36}"
EndProject
Global
	GlobalSection(SolutionConfigurationPlatforms) = preSolution
		Debug|Any CPU = Debug|Any CPU
		Release|Any CPU = Release|Any CPU
	EndGlobalSection
	GlobalSection(ProjectConfigurationPlatforms) = postSolution
		{3B57AA87-113D-48FE-A74A-5593B4DC786C}.Debug|Any CPU.ActiveCfg = Debug|Any CPU
		{3B57AA87-113D-48FE-A74A-5593B4DC786C}.Debug|Any CPU.Build.0 = Debug|Any CPU
		{3B57AA87-113D-48FE-A74A-5593B4DC786C}.Release|Any CPU.ActiveCfg = Release|Any CPU
		{3B57AA87-113D-48FE-A74A-5593B4DC786C}.Release|Any CPU.Build.0 = Release|Any CPU
		{F0817E19-E000-4D6E-BF4B-B286EA857AE5}.Debug|Any CPU.ActiveCfg = Debug|Any CPU
		{F0817E19-E000-4D6E-BF4B-B286EA857AE5}.Debug|Any CPU.Build.0 = Debug|Any CPU
		{F0817E19-E000-4D6E-BF4B-B286EA857AE5}.Release|Any CPU.ActiveCfg = Release|Any CPU
		{F0817E19-E000-4D6E-BF4B-B286EA857AE5}.Release|Any CPU.Build.0 = Release|Any CPU
		{2EDA7B9F-E1F4-4A42-8417-97C85959EE76}.Debug|Any CPU.ActiveCfg = Debug|Any CPU
		{2EDA7B9F-E1F4-4A42-8417-97C85959EE76}.Debug|Any CPU.Build.0 = Debug|Any CPU
		{2EDA7B9F-E1F4-4A42-8417-97C85959EE76}.Release|Any CPU.ActiveCfg = Release|Any CPU
		{2EDA7B9F-E1F4-4A42-8417-97C85959EE76}.Release|Any CPU.Build.0 = Release|Any CPU
		{95538741-9BCD-40F5-84BA-A8BE64310B36}.Debug|Any CPU.ActiveCfg = Debug|Any CPU
		{95538741-9BCD-40F5-84BA-A8BE64310B36}.Debug|Any CPU.Build.0 = Debug|Any CPU
		{95538741-9BCD-40F5-84BA-A8BE64310B36}.Release|Any CPU.ActiveCfg = Release|Any CPU
		{95538741-9BCD-40F5-84BA-A8BE64310B36}.Release|Any CPU.Build.0 = Release|Any CPU
	EndGlobalSection
	GlobalSection(SolutionProperties) = preSolution
		HideSolutionNode = FALSE
	EndGlobalSection
	GlobalSection(ExtensibilityGlobals) = postSolution
		SolutionGuid = {2E3770D0-3750-48AF-8760-0227899705DF}
	EndGlobalSection
EndGlobal
